
Microsoft Visual Studio Solution File, Format Version 12.00
# Visual Studio Version 17
VisualStudioVersion = 17.3.32929.385
MinimumVisualStudioVersion = 10.0.40219.1
Project("{9A19103F-16F7-4668-BE54-9A1E7A4F7556}") = "Home_Work_3_1", "Home_work_3_1\Home_Work_3_1.csproj", "{E33EE14B-EBC6-49ED-A93B-0FCD20BBC89A}"
EndProject
Project("{9A19103F-16F7-4668-BE54-9A1E7A4F7556}") = "Home_Work_3_2", "Home_Work_3_2\Home_Work_3_2.csproj", "{4E38F254-56C9-44CF-8CD3-12BB0950EEE7}"
EndProject
Project("{9A19103F-16F7-4668-BE54-9A1E7A4F7556}") = "Home_Work_3_3", "Home_Work_3_3\Home_Work_3_3.csproj", "{C6B0D3F5-18D2-42AD-8D6F-51451B120950}"
EndProject
Project("{9A19103F-16F7-4668-BE54-9A1E7A4F7556}") = "Home_Work_3_4", "Home_Work_3_4\Home_Work_3_4.csproj", "{AA417A5D-D202-4E20-88F4-8BA020645A33}"
EndProject
Global
	GlobalSection(SolutionConfigurationPlatforms) = preSolution
		Debug|Any CPU = Debug|Any CPU
		Release|Any CPU = Release|Any CPU
	EndGlobalSection
	GlobalSection(ProjectConfigurationPlatforms) = postSolution
		{E33EE14B-EBC6-49ED-A93B-0FCD20BBC89A}.Debug|Any CPU.ActiveCfg = Debug|Any CPU
		{E33EE14B-EBC6-49ED-A93B-0FCD20BBC89A}.Debug|Any CPU.Build.0 = Debug|Any CPU
		{E33EE14B-EBC6-49ED-A93B-0FCD20BBC89A}.Release|Any CPU.ActiveCfg = Release|Any CPU
		{E33EE14B-EBC6-49ED-A93B-0FCD20BBC89A}.Release|Any CPU.Build.0 = Release|Any CPU
		{4E38F254-56C9-44CF-8CD3-12BB0950EEE7}.Debug|Any CPU.ActiveCfg = Debug|Any CPU
		{4E38F254-56C9-44CF-8CD3-12BB0950EEE7}.Debug|Any CPU.Build.0 = Debug|Any CPU
		{4E38F254-56C9-44CF-8CD3-12BB0950EEE7}.Release|Any CPU.ActiveCfg = Release|Any CPU
		{4E38F254-56C9-44CF-8CD3-12BB0950EEE7}.Release|Any CPU.Build.0 = Release|Any CPU
		{C6B0D3F5-18D2-42AD-8D6F-51451B120950}.Debug|Any CPU.ActiveCfg = Debug|Any CPU
		{C6B0D3F5-18D2-42AD-8D6F-51451B120950}.Debug|Any CPU.Build.0 = Debug|Any CPU
		{C6B0D3F5-18D2-42AD-8D6F-51451B120950}.Release|Any CPU.ActiveCfg = Release|Any CPU
		{C6B0D3F5-18D2-42AD-8D6F-51451B120950}.Release|Any CPU.Build.0 = Release|Any CPU
		{AA417A5D-D202-4E20-88F4-8BA020645A33}.Debug|Any CPU.ActiveCfg = Debug|Any CPU
		{AA417A5D-D202-4E20-88F4-8BA020645A33}.Debug|Any CPU.Build.0 = Debug|Any CPU
		{AA417A5D-D202-4E20-88F4-8BA020645A33}.Release|Any CPU.ActiveCfg = Release|Any CPU
		{AA417A5D-D202-4E20-88F4-8BA020645A33}.Release|Any CPU.Build.0 = Release|Any CPU
	EndGlobalSection
	GlobalSection(SolutionProperties) = preSolution
		HideSolutionNode = FALSE
	EndGlobalSection
	GlobalSection(ExtensibilityGlobals) = postSolution
		SolutionGuid = {8584BDF0-D649-42AD-91E7-606123678C70}
	EndGlobalSection
EndGlobal
